
Microsoft Visual Studio Solution File, Format Version 12.00
# Visual Studio 15
VisualStudioVersion = 15.0.28010.2046
MinimumVisualStudioVersion = 10.0.40219.1
Project("{FAE04EC0-301F-11D3-BF4B-00C04F79EFBC}") = "XamarinPong.Android", "XamarinPong\XamarinPong.Android\XamarinPong.Android.csproj", "{3B3D744B-973B-45D0-B1A2-F3568828C4CB}"
EndProject
Project("{FAE04EC0-301F-11D3-BF4B-00C04F79EFBC}") = "XamarinPong.iOS", "XamarinPong\XamarinPong.iOS\XamarinPong.iOS.csproj", "{B60F4EFA-757C-4E5C-8218-25C2A86D5AC8}"
EndProject
Project("{FAE04EC0-301F-11D3-BF4B-00C04F79EFBC}") = "XamarinPong.UWP", "XamarinPong\XamarinPong.UWP\XamarinPong.UWP.csproj", "{325BDEAE-4BD1-4BB2-8C23-6B60C8748A13}"
EndProject
Project("{FAE04EC0-301F-11D3-BF4B-00C04F79EFBC}") = "XamarinPong", "XamarinPong\XamarinPong\XamarinPong.csproj", "{D1F161A9-71FD-469E-9D18-AA8D8065B88C}"
EndProject
Global
	GlobalSection(SolutionConfigurationPlatforms) = preSolution
		Ad-Hoc|Any CPU = Ad-Hoc|Any CPU
		Ad-Hoc|ARM = Ad-Hoc|ARM
		Ad-Hoc|iPhone = Ad-Hoc|iPhone
		Ad-Hoc|iPhoneSimulator = Ad-Hoc|iPhoneSimulator
		Ad-Hoc|x64 = Ad-Hoc|x64
		Ad-Hoc|x86 = Ad-Hoc|x86
		AppStore|Any CPU = AppStore|Any CPU
		AppStore|ARM = AppStore|ARM
		AppStore|iPhone = AppStore|iPhone
		AppStore|iPhoneSimulator = AppStore|iPhoneSimulator
		AppStore|x64 = AppStore|x64
		AppStore|x86 = AppStore|x86
		Debug|Any CPU = Debug|Any CPU
		Debug|ARM = Debug|ARM
		Debug|iPhone = Debug|iPhone
		Debug|iPhoneSimulator = Debug|iPhoneSimulator
		Debug|x64 = Debug|x64
		Debug|x86 = Debug|x86
		Release|Any CPU = Release|Any CPU
		Release|ARM = Release|ARM
		Release|iPhone = Release|iPhone
		Release|iPhoneSimulator = Release|iPhoneSimulator
		Release|x64 = Release|x64
		Release|x86 = Release|x86
	EndGlobalSection
	GlobalSection(ProjectConfigurationPlatforms) = postSolution
		{3B3D744B-973B-45D0-B1A2-F3568828C4CB}.Ad-Hoc|Any CPU.ActiveCfg = Release|Any CPU
		{3B3D744B-973B-45D0-B1A2-F3568828C4CB}.Ad-Hoc|Any CPU.Build.0 = Release|Any CPU
		{3B3D744B-973B-45D0-B1A2-F3568828C4CB}.Ad-Hoc|Any CPU.Deploy.0 = Release|Any CPU
		{3B3D744B-973B-45D0-B1A2-F3568828C4CB}.Ad-Hoc|ARM.ActiveCfg = Release|Any CPU
		{3B3D744B-973B-45D0-B1A2-F3568828C4CB}.Ad-Hoc|ARM.Build.0 = Release|Any CPU
		{3B3D744B-973B-45D0-B1A2-F3568828C4CB}.Ad-Hoc|ARM.Deploy.0 = Release|Any CPU
		{3B3D744B-973B-45D0-B1A2-F3568828C4CB}.Ad-Hoc|iPhone.ActiveCfg = Release|Any CPU
		{3B3D744B-973B-45D0-B1A2-F3568828C4CB}.Ad-Hoc|iPhone.Build.0 = Release|Any CPU
		{3B3D744B-973B-45D0-B1A2-F3568828C4CB}.Ad-Hoc|iPhone.Deploy.0 = Release|Any CPU
		{3B3D744B-973B-45D0-B1A2-F3568828C4CB}.Ad-Hoc|iPhoneSimulator.ActiveCfg = Release|Any CPU
		{3B3D744B-973B-45D0-B1A2-F3568828C4CB}.Ad-Hoc|iPhoneSimulator.Build.0 = Release|Any CPU
		{3B3D744B-973B-45D0-B1A2-F3568828C4CB}.Ad-Hoc|iPhoneSimulator.Deploy.0 = Release|Any CPU
		{3B3D744B-973B-45D0-B1A2-F3568828C4CB}.Ad-Hoc|x64.ActiveCfg = Release|Any CPU
		{3B3D744B-973B-45D0-B1A2-F3568828C4CB}.Ad-Hoc|x64.Build.0 = Release|Any CPU
		{3B3D744B-973B-45D0-B1A2-F3568828C4CB}.Ad-Hoc|x64.Deploy.0 = Release|Any CPU
		{3B3D744B-973B-45D0-B1A2-F3568828C4CB}.Ad-Hoc|x86.ActiveCfg = Release|Any CPU
		{3B3D744B-973B-45D0-B1A2-F3568828C4CB}.Ad-Hoc|x86.Build.0 = Release|Any CPU
		{3B3D744B-973B-45D0-B1A2-F3568828C4CB}.Ad-Hoc|x86.Deploy.0 = Release|Any CPU
		{3B3D744B-973B-45D0-B1A2-F3568828C4CB}.AppStore|Any CPU.ActiveCfg = Release|Any CPU
		{3B3D744B-973B-45D0-B1A2-F3568828C4CB}.AppStore|Any CPU.Build.0 = Release|Any CPU
		{3B3D744B-973B-45D0-B1A2-F3568828C4CB}.AppStore|Any CPU.Deploy.0 = Release|Any CPU
		{3B3D744B-973B-45D0-B1A2-F3568828C4CB}.AppStore|ARM.ActiveCfg = Release|Any CPU
		{3B3D744B-973B-45D0-B1A2-F3568828C4CB}.AppStore|ARM.Build.0 = Release|Any CPU
		{3B3D744B-973B-45D0-B1A2-F3568828C4CB}.AppStore|ARM.Deploy.0 = Release|Any CPU
		{3B3D744B-973B-45D0-B1A2-F3568828C4CB}.AppStore|iPhone.ActiveCfg = Release|Any CPU
		{3B3D744B-973B-45D0-B1A2-F3568828C4CB}.AppStore|iPhone.Build.0 = Release|Any CPU
		{3B3D744B-973B-45D0-B1A2-F3568828C4CB}.AppStore|iPhone.Deploy.0 = Release|Any CPU
		{3B3D744B-973B-45D0-B1A2-F3568828C4CB}.AppStore|iPhoneSimulator.ActiveCfg = Release|Any CPU
		{3B3D744B-973B-45D0-B1A2-F3568828C4CB}.AppStore|iPhoneSimulator.Build.0 = Release|Any CPU
		{3B3D744B-973B-45D0-B1A2-F3568828C4CB}.AppStore|iPhoneSimulator.Deploy.0 = Release|Any CPU
		{3B3D744B-973B-45D0-B1A2-F3568828C4CB}.AppStore|x64.ActiveCfg = Release|Any CPU
		{3B3D744B-973B-45D0-B1A2-F3568828C4CB}.AppStore|x64.Build.0 = Release|Any CPU
		{3B3D744B-973B-45D0-B1A2-F3568828C4CB}.AppStore|x64.Deploy.0 = Release|Any CPU
		{3B3D744B-973B-45D0-B1A2-F3568828C4CB}.AppStore|x86.ActiveCfg = Release|Any CPU
		{3B3D744B-973B-45D0-B1A2-F3568828C4CB}.AppStore|x86.Build.0 = Release|Any CPU
		{3B3D744B-973B-45D0-B1A2-F3568828C4CB}.AppStore|x86.Deploy.0 = Release|Any CPU
		{3B3D744B-973B-45D0-B1A2-F3568828C4CB}.Debug|Any CPU.ActiveCfg = Debug|Any CPU
		{3B3D744B-973B-45D0-B1A2-F3568828C4CB}.Debug|Any CPU.Build.0 = Debug|Any CPU
		{3B3D744B-973B-45D0-B1A2-F3568828C4CB}.Debug|Any CPU.Deploy.0 = Debug|Any CPU
		{3B3D744B-973B-45D0-B1A2-F3568828C4CB}.Debug|ARM.ActiveCfg = Debug|Any CPU
		{3B3D744B-973B-45D0-B1A2-F3568828C4CB}.Debug|ARM.Build.0 = Debug|Any CPU
		{3B3D744B-973B-45D0-B1A2-F3568828C4CB}.Debug|ARM.Deploy.0 = Debug|Any CPU
		{3B3D744B-973B-45D0-B1A2-F3568828C4CB}.Debug|iPhone.ActiveCfg = Debug|Any CPU
		{3B3D744B-973B-45D0-B1A2-F3568828C4CB}.Debug|iPhone.Build.0 = Debug|Any CPU
		{3B3D744B-973B-45D0-B1A2-F3568828C4CB}.Debug|iPhone.Deploy.0 = Debug|Any CPU
		{3B3D744B-973B-45D0-B1A2-F3568828C4CB}.Debug|iPhoneSimulator.ActiveCfg = Debug|Any CPU
		{3B3D744B-973B-45D0-B1A2-F3568828C4CB}.Debug|iPhoneSimulator.Build.0 = Debug|Any CPU
		{3B3D744B-973B-45D0-B1A2-F3568828C4CB}.Debug|iPhoneSimulator.Deploy.0 = Debug|Any CPU
		{3B3D744B-973B-45D0-B1A2-F3568828C4CB}.Debug|x64.ActiveCfg = Debug|Any CPU
		{3B3D744B-973B-45D0-B1A2-F3568828C4CB}.Debug|x64.Build.0 = Debug|Any CPU
		{3B3D744B-973B-45D0-B1A2-F3568828C4CB}.Debug|x64.Deploy.0 = Debug|Any CPU
		{3B3D744B-973B-45D0-B1A2-F3568828C4CB}.Debug|x86.ActiveCfg = Debug|Any CPU
		{3B3D744B-973B-45D0-B1A2-F3568828C4CB}.Debug|x86.Build.0 = Debug|Any CPU
		{3B3D744B-973B-45D0-B1A2-F3568828C4CB}.Debug|x86.Deploy.0 = Debug|Any CPU
		{3B3D744B-973B-45D0-B1A2-F3568828C4CB}.Release|Any CPU.ActiveCfg = Release|Any CPU
		{3B3D744B-973B-45D0-B1A2-F3568828C4CB}.Release|Any CPU.Build.0 = Release|Any CPU
		{3B3D744B-973B-45D0-B1A2-F3568828C4CB}.Release|Any CPU.Deploy.0 = Release|Any CPU
		{3B3D744B-973B-45D0-B1A2-F3568828C4CB}.Release|ARM.ActiveCfg = Release|Any CPU
		{3B3D744B-973B-45D0-B1A2-F3568828C4CB}.Release|ARM.Build.0 = Release|Any CPU
		{3B3D744B-973B-45D0-B1A2-F3568828C4CB}.Release|ARM.Deploy.0 = Release|Any CPU
		{3B3D744B-973B-45D0-B1A2-F3568828C4CB}.Release|iPhone.ActiveCfg = Release|Any CPU
		{3B3D744B-973B-45D0-B1A2-F3568828C4CB}.Release|iPhone.Build.0 = Release|Any CPU
		{3B3D744B-973B-45D0-B1A2-F3568828C4CB}.Release|iPhone.Deploy.0 = Release|Any CPU
		{3B3D744B-973B-45D0-B1A2-F3568828C4CB}.Release|iPhoneSimulator.ActiveCfg = Release|Any CPU
		{3B3D744B-973B-45D0-B1A2-F3568828C4CB}.Release|iPhoneSimulator.Build.0 = Release|Any CPU
		{3B3D744B-973B-45D0-B1A2-F3568828C4CB}.Release|iPhoneSimulator.Deploy.0 = Release|Any CPU
		{3B3D744B-973B-45D0-B1A2-F3568828C4CB}.Release|x64.ActiveCfg = Release|Any CPU
		{3B3D744B-973B-45D0-B1A2-F3568828C4CB}.Release|x64.Build.0 = Release|Any CPU
		{3B3D744B-973B-45D0-B1A2-F3568828C4CB}.Release|x64.Deploy.0 = Release|Any CPU
		{3B3D744B-973B-45D0-B1A2-F3568828C4CB}.Release|x86.ActiveCfg = Release|Any CPU
		{3B3D744B-973B-45D0-B1A2-F3568828C4CB}.Release|x86.Build.0 = Release|Any CPU
		{3B3D744B-973B-45D0-B1A2-F3568828C4CB}.Release|x86.Deploy.0 = Release|Any CPU
		{B60F4EFA-757C-4E5C-8218-25C2A86D5AC8}.Ad-Hoc|Any CPU.ActiveCfg = Ad-Hoc|iPhone
		{B60F4EFA-757C-4E5C-8218-25C2A86D5AC8}.Ad-Hoc|Any CPU.Build.0 = Ad-Hoc|iPhone
		{B60F4EFA-757C-4E5C-8218-25C2A86D5AC8}.Ad-Hoc|Any CPU.Deploy.0 = Ad-Hoc|iPhone
		{B60F4EFA-757C-4E5C-8218-25C2A86D5AC8}.Ad-Hoc|ARM.ActiveCfg = Ad-Hoc|iPhone
		{B60F4EFA-757C-4E5C-8218-25C2A86D5AC8}.Ad-Hoc|ARM.Build.0 = Ad-Hoc|iPhone
		{B60F4EFA-757C-4E5C-8218-25C2A86D5AC8}.Ad-Hoc|ARM.Deploy.0 = Ad-Hoc|iPhone
		{B60F4EFA-757C-4E5C-8218-25C2A86D5AC8}.Ad-Hoc|iPhone.ActiveCfg = Ad-Hoc|iPhone
		{B60F4EFA-757C-4E5C-8218-25C2A86D5AC8}.Ad-Hoc|iPhone.Build.0 = Ad-Hoc|iPhone
		{B60F4EFA-757C-4E5C-8218-25C2A86D5AC8}.Ad-Hoc|iPhone.Deploy.0 = Ad-Hoc|iPhone
		{B60F4EFA-757C-4E5C-8218-25C2A86D5AC8}.Ad-Hoc|iPhoneSimulator.ActiveCfg = Ad-Hoc|iPhoneSimulator
		{B60F4EFA-757C-4E5C-8218-25C2A86D5AC8}.Ad-Hoc|iPhoneSimulator.Build.0 = Ad-Hoc|iPhoneSimulator
		{B60F4EFA-757C-4E5C-8218-25C2A86D5AC8}.Ad-Hoc|iPhoneSimulator.Deploy.0 = Ad-Hoc|iPhoneSimulator
		{B60F4EFA-757C-4E5C-8218-25C2A86D5AC8}.Ad-Hoc|x64.ActiveCfg = Ad-Hoc|iPhone
		{B60F4EFA-757C-4E5C-8218-25C2A86D5AC8}.Ad-Hoc|x64.Build.0 = Ad-Hoc|iPhone
		{B60F4EFA-757C-4E5C-8218-25C2A86D5AC8}.Ad-Hoc|x64.Deploy.0 = Ad-Hoc|iPhone
		{B60F4EFA-757C-4E5C-8218-25C2A86D5AC8}.Ad-Hoc|x86.ActiveCfg = Ad-Hoc|iPhone
		{B60F4EFA-757C-4E5C-8218-25C2A86D5AC8}.Ad-Hoc|x86.Build.0 = Ad-Hoc|iPhone
		{B60F4EFA-757C-4E5C-8218-25C2A86D5AC8}.Ad-Hoc|x86.Deploy.0 = Ad-Hoc|iPhone
		{B60F4EFA-757C-4E5C-8218-25C2A86D5AC8}.AppStore|Any CPU.ActiveCfg = AppStore|iPhone
		{B60F4EFA-757C-4E5C-8218-25C2A86D5AC8}.AppStore|Any CPU.Build.0 = AppStore|iPhone
		{B60F4EFA-757C-4E5C-8218-25C2A86D5AC8}.AppStore|Any CPU.Deploy.0 = AppStore|iPhone
		{B60F4EFA-757C-4E5C-8218-25C2A86D5AC8}.AppStore|ARM.ActiveCfg = AppStore|iPhone
		{B60F4EFA-757C-4E5C-8218-25C2A86D5AC8}.AppStore|ARM.Build.0 = AppStore|iPhone
		{B60F4EFA-757C-4E5C-8218-25C2A86D5AC8}.AppStore|ARM.Deploy.0 = AppStore|iPhone
		{B60F4EFA-757C-4E5C-8218-25C2A86D5AC8}.AppStore|iPhone.ActiveCfg = AppStore|iPhone
		{B60F4EFA-757C-4E5C-8218-25C2A86D5AC8}.AppStore|iPhone.Build.0 = AppStore|iPhone
		{B60F4EFA-757C-4E5C-8218-25C2A86D5AC8}.AppStore|iPhone.Deploy.0 = AppStore|iPhone
		{B60F4EFA-757C-4E5C-8218-25C2A86D5AC8}.AppStore|iPhoneSimulator.ActiveCfg = AppStore|iPhoneSimulator
		{B60F4EFA-757C-4E5C-8218-25C2A86D5AC8}.AppStore|iPhoneSimulator.Build.0 = AppStore|iPhoneSimulator
		{B60F4EFA-757C-4E5C-8218-25C2A86D5AC8}.AppStore|iPhoneSimulator.Deploy.0 = AppStore|iPhoneSimulator
		{B60F4EFA-757C-4E5C-8218-25C2A86D5AC8}.AppStore|x64.ActiveCfg = AppStore|iPhone
		{B60F4EFA-757C-4E5C-8218-25C2A86D5AC8}.AppStore|x64.Build.0 = AppStore|iPhone
		{B60F4EFA-757C-4E5C-8218-25C2A86D5AC8}.AppStore|x64.Deploy.0 = AppStore|iPhone
		{B60F4EFA-757C-4E5C-8218-25C2A86D5AC8}.AppStore|x86.ActiveCfg = AppStore|iPhone
		{B60F4EFA-757C-4E5C-8218-25C2A86D5AC8}.AppStore|x86.Build.0 = AppStore|iPhone
		{B60F4EFA-757C-4E5C-8218-25C2A86D5AC8}.AppStore|x86.Deploy.0 = AppStore|iPhone
		{B60F4EFA-757C-4E5C-8218-25C2A86D5AC8}.Debug|Any CPU.ActiveCfg = Debug|iPhoneSimulator
		{B60F4EFA-757C-4E5C-8218-25C2A86D5AC8}.Debug|Any CPU.Build.0 = Debug|iPhoneSimulator
		{B60F4EFA-757C-4E5C-8218-25C2A86D5AC8}.Debug|Any CPU.Deploy.0 = Debug|iPhoneSimulator
		{B60F4EFA-757C-4E5C-8218-25C2A86D5AC8}.Debug|ARM.ActiveCfg = Debug|iPhone
		{B60F4EFA-757C-4E5C-8218-25C2A86D5AC8}.Debug|ARM.Build.0 = Debug|iPhone
		{B60F4EFA-757C-4E5C-8218-25C2A86D5AC8}.Debug|ARM.Deploy.0 = Debug|iPhone
		{B60F4EFA-757C-4E5C-8218-25C2A86D5AC8}.Debug|iPhone.ActiveCfg = Debug|iPhone
		{B60F4EFA-757C-4E5C-8218-25C2A86D5AC8}.Debug|iPhone.Build.0 = Debug|iPhone
		{B60F4EFA-757C-4E5C-8218-25C2A86D5AC8}.Debug|iPhone.Deploy.0 = Debug|iPhone
		{B60F4EFA-757C-4E5C-8218-25C2A86D5AC8}.Debug|iPhoneSimulator.ActiveCfg = Debug|iPhoneSimulator
		{B60F4EFA-757C-4E5C-8218-25C2A86D5AC8}.Debug|iPhoneSimulator.Build.0 = Debug|iPhoneSimulator
		{B60F4EFA-757C-4E5C-8218-25C2A86D5AC8}.Debug|iPhoneSimulator.Deploy.0 = Debug|iPhoneSimulator
		{B60F4EFA-757C-4E5C-8218-25C2A86D5AC8}.Debug|x64.ActiveCfg = Debug|iPhone
		{B60F4EFA-757C-4E5C-8218-25C2A86D5AC8}.Debug|x64.Build.0 = Debug|iPhone
		{B60F4EFA-757C-4E5C-8218-25C2A86D5AC8}.Debug|x64.Deploy.0 = Debug|iPhone
		{B60F4EFA-757C-4E5C-8218-25C2A86D5AC8}.Debug|x86.ActiveCfg = Debug|iPhone
		{B60F4EFA-757C-4E5C-8218-25C2A86D5AC8}.Debug|x86.Build.0 = Debug|iPhone
		{B60F4EFA-757C-4E5C-8218-25C2A86D5AC8}.Debug|x86.Deploy.0 = Debug|iPhone
		{B60F4EFA-757C-4E5C-8218-25C2A86D5AC8}.Release|Any CPU.ActiveCfg = Release|iPhone
		{B60F4EFA-757C-4E5C-8218-25C2A86D5AC8}.Release|Any CPU.Build.0 = Release|iPhone
		{B60F4EFA-757C-4E5C-8218-25C2A86D5AC8}.Release|Any CPU.Deploy.0 = Release|iPhone
		{B60F4EFA-757C-4E5C-8218-25C2A86D5AC8}.Release|ARM.ActiveCfg = Release|iPhone
		{B60F4EFA-757C-4E5C-8218-25C2A86D5AC8}.Release|ARM.Build.0 = Release|iPhone
		{B60F4EFA-757C-4E5C-8218-25C2A86D5AC8}.Release|ARM.Deploy.0 = Release|iPhone
		{B60F4EFA-757C-4E5C-8218-25C2A86D5AC8}.Release|iPhone.ActiveCfg = Release|iPhone
		{B60F4EFA-757C-4E5C-8218-25C2A86D5AC8}.Release|iPhone.Build.0 = Release|iPhone
		{B60F4EFA-757C-4E5C-8218-25C2A86D5AC8}.Release|iPhone.Deploy.0 = Release|iPhone
		{B60F4EFA-757C-4E5C-8218-25C2A86D5AC8}.Release|iPhoneSimulator.ActiveCfg = Release|iPhoneSimulator
		{B60F4EFA-757C-4E5C-8218-25C2A86D5AC8}.Release|iPhoneSimulator.Build.0 = Release|iPhoneSimulator
		{B60F4EFA-757C-4E5C-8218-25C2A86D5AC8}.Release|iPhoneSimulator.Deploy.0 = Release|iPhoneSimulator
		{B60F4EFA-757C-4E5C-8218-25C2A86D5AC8}.Release|x64.ActiveCfg = Release|iPhone
		{B60F4EFA-757C-4E5C-8218-25C2A86D5AC8}.Release|x64.Build.0 = Release|iPhone
		{B60F4EFA-757C-4E5C-8218-25C2A86D5AC8}.Release|x64.Deploy.0 = Release|iPhone
		{B60F4EFA-757C-4E5C-8218-25C2A86D5AC8}.Release|x86.ActiveCfg = Release|iPhone
		{B60F4EFA-757C-4E5C-8218-25C2A86D5AC8}.Release|x86.Build.0 = Release|iPhone
		{B60F4EFA-757C-4E5C-8218-25C2A86D5AC8}.Release|x86.Deploy.0 = Release|iPhone
		{325BDEAE-4BD1-4BB2-8C23-6B60C8748A13}.Ad-Hoc|Any CPU.ActiveCfg = Release|x86
		{325BDEAE-4BD1-4BB2-8C23-6B60C8748A13}.Ad-Hoc|Any CPU.Build.0 = Release|x86
		{325BDEAE-4BD1-4BB2-8C23-6B60C8748A13}.Ad-Hoc|Any CPU.Deploy.0 = Release|x86
		{325BDEAE-4BD1-4BB2-8C23-6B60C8748A13}.Ad-Hoc|ARM.ActiveCfg = Release|ARM
		{325BDEAE-4BD1-4BB2-8C23-6B60C8748A13}.Ad-Hoc|ARM.Build.0 = Release|ARM
		{325BDEAE-4BD1-4BB2-8C23-6B60C8748A13}.Ad-Hoc|ARM.Deploy.0 = Release|ARM
		{325BDEAE-4BD1-4BB2-8C23-6B60C8748A13}.Ad-Hoc|iPhone.ActiveCfg = Release|x86
		{325BDEAE-4BD1-4BB2-8C23-6B60C8748A13}.Ad-Hoc|iPhone.Build.0 = Release|x86
		{325BDEAE-4BD1-4BB2-8C23-6B60C8748A13}.Ad-Hoc|iPhone.Deploy.0 = Release|x86
		{325BDEAE-4BD1-4BB2-8C23-6B60C8748A13}.Ad-Hoc|iPhoneSimulator.ActiveCfg = Release|x86
		{325BDEAE-4BD1-4BB2-8C23-6B60C8748A13}.Ad-Hoc|iPhoneSimulator.Build.0 = Release|x86
		{325BDEAE-4BD1-4BB2-8C23-6B60C8748A13}.Ad-Hoc|iPhoneSimulator.Deploy.0 = Release|x86
		{325BDEAE-4BD1-4BB2-8C23-6B60C8748A13}.Ad-Hoc|x64.ActiveCfg = Release|x64
		{325BDEAE-4BD1-4BB2-8C23-6B60C8748A13}.Ad-Hoc|x64.Build.0 = Release|x64
		{325BDEAE-4BD1-4BB2-8C23-6B60C8748A13}.Ad-Hoc|x64.Deploy.0 = Release|x64
		{325BDEAE-4BD1-4BB2-8C23-6B60C8748A13}.Ad-Hoc|x86.ActiveCfg = Release|x86
		{325BDEAE-4BD1-4BB2-8C23-6B60C8748A13}.Ad-Hoc|x86.Build.0 = Release|x86
		{325BDEAE-4BD1-4BB2-8C23-6B60C8748A13}.Ad-Hoc|x86.Deploy.0 = Release|x86
		{325BDEAE-4BD1-4BB2-8C23-6B60C8748A13}.AppStore|Any CPU.ActiveCfg = Release|x86
		{325BDEAE-4BD1-4BB2-8C23-6B60C8748A13}.AppStore|Any CPU.Build.0 = Release|x86
		{325BDEAE-4BD1-4BB2-8C23-6B60C8748A13}.AppStore|Any CPU.Deploy.0 = Release|x86
		{325BDEAE-4BD1-4BB2-8C23-6B60C8748A13}.AppStore|ARM.ActiveCfg = Release|ARM
		{325BDEAE-4BD1-4BB2-8C23-6B60C8748A13}.AppStore|ARM.Build.0 = Release|ARM
		{325BDEAE-4BD1-4BB2-8C23-6B60C8748A13}.AppStore|ARM.Deploy.0 = Release|ARM
		{325BDEAE-4BD1-4BB2-8C23-6B60C8748A13}.AppStore|iPhone.ActiveCfg = Release|x86
		{325BDEAE-4BD1-4BB2-8C23-6B60C8748A13}.AppStore|iPhone.Build.0 = Release|x86
		{325BDEAE-4BD1-4BB2-8C23-6B60C8748A13}.AppStore|iPhone.Deploy.0 = Release|x86
		{325BDEAE-4BD1-4BB2-8C23-6B60C8748A13}.AppStore|iPhoneSimulator.ActiveCfg = Release|x86
		{325BDEAE-4BD1-4BB2-8C23-6B60C8748A13}.AppStore|iPhoneSimulator.Build.0 = Release|x86
		{325BDEAE-4BD1-4BB2-8C23-6B60C8748A13}.AppStore|iPhoneSimulator.Deploy.0 = Release|x86
		{325BDEAE-4BD1-4BB2-8C23-6B60C8748A13}.AppStore|x64.ActiveCfg = Release|x64
		{325BDEAE-4BD1-4BB2-8C23-6B60C8748A13}.AppStore|x64.Build.0 = Release|x64
		{325BDEAE-4BD1-4BB2-8C23-6B60C8748A13}.AppStore|x64.Deploy.0 = Release|x64
		{325BDEAE-4BD1-4BB2-8C23-6B60C8748A13}.AppStore|x86.ActiveCfg = Release|x86
		{325BDEAE-4BD1-4BB2-8C23-6B60C8748A13}.AppStore|x86.Build.0 = Release|x86
		{325BDEAE-4BD1-4BB2-8C23-6B60C8748A13}.AppStore|x86.Deploy.0 = Release|x86
		{325BDEAE-4BD1-4BB2-8C23-6B60C8748A13}.Debug|Any CPU.ActiveCfg = Debug|x86
		{325BDEAE-4BD1-4BB2-8C23-6B60C8748A13}.Debug|Any CPU.Build.0 = Debug|x86
		{325BDEAE-4BD1-4BB2-8C23-6B60C8748A13}.Debug|Any CPU.Deploy.0 = Debug|x86
		{325BDEAE-4BD1-4BB2-8C23-6B60C8748A13}.Debug|ARM.ActiveCfg = Debug|ARM
		{325BDEAE-4BD1-4BB2-8C23-6B60C8748A13}.Debug|ARM.Build.0 = Debug|ARM
		{325BDEAE-4BD1-4BB2-8C23-6B60C8748A13}.Debug|ARM.Deploy.0 = Debug|ARM
		{325BDEAE-4BD1-4BB2-8C23-6B60C8748A13}.Debug|iPhone.ActiveCfg = Debug|x86
		{325BDEAE-4BD1-4BB2-8C23-6B60C8748A13}.Debug|iPhone.Build.0 = Debug|x86
		{325BDEAE-4BD1-4BB2-8C23-6B60C8748A13}.Debug|iPhone.Deploy.0 = Debug|x86
		{325BDEAE-4BD1-4BB2-8C23-6B60C8748A13}.Debug|iPhoneSimulator.ActiveCfg = Debug|x86
		{325BDEAE-4BD1-4BB2-8C23-6B60C8748A13}.Debug|iPhoneSimulator.Build.0 = Debug|x86
		{325BDEAE-4BD1-4BB2-8C23-6B60C8748A13}.Debug|iPhoneSimulator.Deploy.0 = Debug|x86
		{325BDEAE-4BD1-4BB2-8C23-6B60C8748A13}.Debug|x64.ActiveCfg = Debug|x64
		{325BDEAE-4BD1-4BB2-8C23-6B60C8748A13}.Debug|x64.Build.0 = Debug|x64
		{325BDEAE-4BD1-4BB2-8C23-6B60C8748A13}.Debug|x64.Deploy.0 = Debug|x64
		{325BDEAE-4BD1-4BB2-8C23-6B60C8748A13}.Debug|x86.ActiveCfg = Debug|x86
		{325BDEAE-4BD1-4BB2-8C23-6B60C8748A13}.Debug|x86.Build.0 = Debug|x86
		{325BDEAE-4BD1-4BB2-8C23-6B60C8748A13}.Debug|x86.Deploy.0 = Debug|x86
		{325BDEAE-4BD1-4BB2-8C23-6B60C8748A13}.Release|Any CPU.ActiveCfg = Release|x86
		{325BDEAE-4BD1-4BB2-8C23-6B60C8748A13}.Release|Any CPU.Build.0 = Release|x86
		{325BDEAE-4BD1-4BB2-8C23-6B60C8748A13}.Release|Any CPU.Deploy.0 = Release|x86
		{325BDEAE-4BD1-4BB2-8C23-6B60C8748A13}.Release|ARM.ActiveCfg = Release|ARM
		{325BDEAE-4BD1-4BB2-8C23-6B60C8748A13}.Release|ARM.Build.0 = Release|ARM
		{325BDEAE-4BD1-4BB2-8C23-6B60C8748A13}.Release|ARM.Deploy.0 = Release|ARM
		{325BDEAE-4BD1-4BB2-8C23-6B60C8748A13}.Release|iPhone.ActiveCfg = Release|x86
		{325BDEAE-4BD1-4BB2-8C23-6B60C8748A13}.Release|iPhone.Build.0 = Release|x86
		{325BDEAE-4BD1-4BB2-8C23-6B60C8748A13}.Release|iPhone.Deploy.0 = Release|x86
		{325BDEAE-4BD1-4BB2-8C23-6B60C8748A13}.Release|iPhoneSimulator.ActiveCfg = Release|x86
		{325BDEAE-4BD1-4BB2-8C23-6B60C8748A13}.Release|iPhoneSimulator.Build.0 = Release|x86
		{325BDEAE-4BD1-4BB2-8C23-6B60C8748A13}.Release|iPhoneSimulator.Deploy.0 = Release|x86
		{325BDEAE-4BD1-4BB2-8C23-6B60C8748A13}.Release|x64.ActiveCfg = Release|x64
		{325BDEAE-4BD1-4BB2-8C23-6B60C8748A13}.Release|x64.Build.0 = Release|x64
		{325BDEAE-4BD1-4BB2-8C23-6B60C8748A13}.Release|x64.Deploy.0 = Release|x64
		{325BDEAE-4BD1-4BB2-8C23-6B60C8748A13}.Release|x86.ActiveCfg = Release|x86
		{325BDEAE-4BD1-4BB2-8C23-6B60C8748A13}.Release|x86.Build.0 = Release|x86
		{325BDEAE-4BD1-4BB2-8C23-6B60C8748A13}.Release|x86.Deploy.0 = Release|x86
		{D1F161A9-71FD-469E-9D18-AA8D8065B88C}.Ad-Hoc|Any CPU.ActiveCfg = Debug|Any CPU
		{D1F161A9-71FD-469E-9D18-AA8D8065B88C}.Ad-Hoc|Any CPU.Build.0 = Debug|Any CPU
		{D1F161A9-71FD-469E-9D18-AA8D8065B88C}.Ad-Hoc|Any CPU.Deploy.0 = Debug|Any CPU
		{D1F161A9-71FD-469E-9D18-AA8D8065B88C}.Ad-Hoc|ARM.ActiveCfg = Debug|Any CPU
		{D1F161A9-71FD-469E-9D18-AA8D8065B88C}.Ad-Hoc|ARM.Build.0 = Debug|Any CPU
		{D1F161A9-71FD-469E-9D18-AA8D8065B88C}.Ad-Hoc|ARM.Deploy.0 = Debug|Any CPU
		{D1F161A9-71FD-469E-9D18-AA8D8065B88C}.Ad-Hoc|iPhone.ActiveCfg = Debug|Any CPU
		{D1F161A9-71FD-469E-9D18-AA8D8065B88C}.Ad-Hoc|iPhone.Build.0 = Debug|Any CPU
		{D1F161A9-71FD-469E-9D18-AA8D8065B88C}.Ad-Hoc|iPhone.Deploy.0 = Debug|Any CPU
		{D1F161A9-71FD-469E-9D18-AA8D8065B88C}.Ad-Hoc|iPhoneSimulator.ActiveCfg = Debug|Any CPU
		{D1F161A9-71FD-469E-9D18-AA8D8065B88C}.Ad-Hoc|iPhoneSimulator.Build.0 = Debug|Any CPU
		{D1F161A9-71FD-469E-9D18-AA8D8065B88C}.Ad-Hoc|iPhoneSimulator.Deploy.0 = Debug|Any CPU
		{D1F161A9-71FD-469E-9D18-AA8D8065B88C}.Ad-Hoc|x64.ActiveCfg = Debug|Any CPU
		{D1F161A9-71FD-469E-9D18-AA8D8065B88C}.Ad-Hoc|x64.Build.0 = Debug|Any CPU
		{D1F161A9-71FD-469E-9D18-AA8D8065B88C}.Ad-Hoc|x64.Deploy.0 = Debug|Any CPU
		{D1F161A9-71FD-469E-9D18-AA8D8065B88C}.Ad-Hoc|x86.ActiveCfg = Debug|Any CPU
		{D1F161A9-71FD-469E-9D18-AA8D8065B88C}.Ad-Hoc|x86.Build.0 = Debug|Any CPU
		{D1F161A9-71FD-469E-9D18-AA8D8065B88C}.Ad-Hoc|x86.Deploy.0 = Debug|Any CPU
		{D1F161A9-71FD-469E-9D18-AA8D8065B88C}.AppStore|Any CPU.ActiveCfg = Debug|Any CPU
		{D1F161A9-71FD-469E-9D18-AA8D8065B88C}.AppStore|Any CPU.Build.0 = Debug|Any CPU
		{D1F161A9-71FD-469E-9D18-AA8D8065B88C}.AppStore|Any CPU.Deploy.0 = Debug|Any CPU
		{D1F161A9-71FD-469E-9D18-AA8D8065B88C}.AppStore|ARM.ActiveCfg = Debug|Any CPU
		{D1F161A9-71FD-469E-9D18-AA8D8065B88C}.AppStore|ARM.Build.0 = Debug|Any CPU
		{D1F161A9-71FD-469E-9D18-AA8D8065B88C}.AppStore|ARM.Deploy.0 = Debug|Any CPU
		{D1F161A9-71FD-469E-9D18-AA8D8065B88C}.AppStore|iPhone.ActiveCfg = Debug|Any CPU
		{D1F161A9-71FD-469E-9D18-AA8D8065B88C}.AppStore|iPhone.Build.0 = Debug|Any CPU
		{D1F161A9-71FD-469E-9D18-AA8D8065B88C}.AppStore|iPhone.Deploy.0 = Debug|Any CPU
		{D1F161A9-71FD-469E-9D18-AA8D8065B88C}.AppStore|iPhoneSimulator.ActiveCfg = Debug|Any CPU
		{D1F161A9-71FD-469E-9D18-AA8D8065B88C}.AppStore|iPhoneSimulator.Build.0 = Debug|Any CPU
		{D1F161A9-71FD-469E-9D18-AA8D8065B88C}.AppStore|iPhoneSimulator.Deploy.0 = Debug|Any CPU
		{D1F161A9-71FD-469E-9D18-AA8D8065B88C}.AppStore|x64.ActiveCfg = Debug|Any CPU
		{D1F161A9-71FD-469E-9D18-AA8D8065B88C}.AppStore|x64.Build.0 = Debug|Any CPU
		{D1F161A9-71FD-469E-9D18-AA8D8065B88C}.AppStore|x64.Deploy.0 = Debug|Any CPU
		{D1F161A9-71FD-469E-9D18-AA8D8065B88C}.AppStore|x86.ActiveCfg = Debug|Any CPU
		{D1F161A9-71FD-469E-9D18-AA8D8065B88C}.AppStore|x86.Build.0 = Debug|Any CPU
		{D1F161A9-71FD-469E-9D18-AA8D8065B88C}.AppStore|x86.Deploy.0 = Debug|Any CPU
		{D1F161A9-71FD-469E-9D18-AA8D8065B88C}.Debug|Any CPU.ActiveCfg = Debug|Any CPU
		{D1F161A9-71FD-469E-9D18-AA8D8065B88C}.Debug|Any CPU.Build.0 = Debug|Any CPU
		{D1F161A9-71FD-469E-9D18-AA8D8065B88C}.Debug|Any CPU.Deploy.0 = Debug|Any CPU
		{D1F161A9-71FD-469E-9D18-AA8D8065B88C}.Debug|ARM.ActiveCfg = Debug|Any CPU
		{D1F161A9-71FD-469E-9D18-AA8D8065B88C}.Debug|ARM.Build.0 = Debug|Any CPU
		{D1F161A9-71FD-469E-9D18-AA8D8065B88C}.Debug|ARM.Deploy.0 = Debug|Any CPU
		{D1F161A9-71FD-469E-9D18-AA8D8065B88C}.Debug|iPhone.ActiveCfg = Debug|Any CPU
		{D1F161A9-71FD-469E-9D18-AA8D8065B88C}.Debug|iPhone.Build.0 = Debug|Any CPU
		{D1F161A9-71FD-469E-9D18-AA8D8065B88C}.Debug|iPhone.Deploy.0 = Debug|Any CPU
		{D1F161A9-71FD-469E-9D18-AA8D8065B88C}.Debug|iPhoneSimulator.ActiveCfg = Debug|Any CPU
		{D1F161A9-71FD-469E-9D18-AA8D8065B88C}.Debug|iPhoneSimulator.Build.0 = Debug|Any CPU
		{D1F161A9-71FD-469E-9D18-AA8D8065B88C}.Debug|iPhoneSimulator.Deploy.0 = Debug|Any CPU
		{D1F161A9-71FD-469E-9D18-AA8D8065B88C}.Debug|x64.ActiveCfg = Debug|Any CPU
		{D1F161A9-71FD-469E-9D18-AA8D8065B88C}.Debug|x64.Build.0 = Debug|Any CPU
		{D1F161A9-71FD-469E-9D18-AA8D8065B88C}.Debug|x64.Deploy.0 = Debug|Any CPU
		{D1F161A9-71FD-469E-9D18-AA8D8065B88C}.Debug|x86.ActiveCfg = Debug|Any CPU
		{D1F161A9-71FD-469E-9D18-AA8D8065B88C}.Debug|x86.Build.0 = Debug|Any CPU
		{D1F161A9-71FD-469E-9D18-AA8D8065B88C}.Debug|x86.Deploy.0 = Debug|Any CPU
		{D1F161A9-71FD-469E-9D18-AA8D8065B88C}.Release|Any CPU.ActiveCfg = Release|Any CPU
		{D1F161A9-71FD-469E-9D18-AA8D8065B88C}.Release|Any CPU.Build.0 = Release|Any CPU
		{D1F161A9-71FD-469E-9D18-AA8D8065B88C}.Release|Any CPU.Deploy.0 = Release|Any CPU
		{D1F161A9-71FD-469E-9D18-AA8D8065B88C}.Release|ARM.ActiveCfg = Release|Any CPU
		{D1F161A9-71FD-469E-9D18-AA8D8065B88C}.Release|ARM.Build.0 = Release|Any CPU
		{D1F161A9-71FD-469E-9D18-AA8D8065B88C}.Release|ARM.Deploy.0 = Release|Any CPU
		{D1F161A9-71FD-469E-9D18-AA8D8065B88C}.Release|iPhone.ActiveCfg = Release|Any CPU
		{D1F161A9-71FD-469E-9D18-AA8D8065B88C}.Release|iPhone.Build.0 = Release|Any CPU
		{D1F161A9-71FD-469E-9D18-AA8D8065B88C}.Release|iPhone.Deploy.0 = Release|Any CPU
		{D1F161A9-71FD-469E-9D18-AA8D8065B88C}.Release|iPhoneSimulator.ActiveCfg = Release|Any CPU
		{D1F161A9-71FD-469E-9D18-AA8D8065B88C}.Release|iPhoneSimulator.Build.0 = Release|Any CPU
		{D1F161A9-71FD-469E-9D18-AA8D8065B88C}.Release|iPhoneSimulator.Deploy.0 = Release|Any CPU
		{D1F161A9-71FD-469E-9D18-AA8D8065B88C}.Release|x64.ActiveCfg = Release|Any CPU
		{D1F161A9-71FD-469E-9D18-AA8D8065B88C}.Release|x64.Build.0 = Release|Any CPU
		{D1F161A9-71FD-469E-9D18-AA8D8065B88C}.Release|x64.Deploy.0 = Release|Any CPU
		{D1F161A9-71FD-469E-9D18-AA8D8065B88C}.Release|x86.ActiveCfg = Release|Any CPU
		{D1F161A9-71FD-469E-9D18-AA8D8065B88C}.Release|x86.Build.0 = Release|Any CPU
		{D1F161A9-71FD-469E-9D18-AA8D8065B88C}.Release|x86.Deploy.0 = Release|Any CPU
	EndGlobalSection
	GlobalSection(SolutionProperties) = preSolution
		HideSolutionNode = FALSE
	EndGlobalSection
	GlobalSection(ExtensibilityGlobals) = postSolution
		SolutionGuid = {488C6415-8E96-4013-B769-B888D5913EDB}
	EndGlobalSection
EndGlobal
